// !$*UTF8*$!
{
	archiveVersion = 1;
	classes = {
	};
	objectVersion = 50;
	objects = {

/* Begin PBXBuildFile section */
		3BE1BBC220DD2BE6007BD695 /* AppDelegate.m in Sources */ = {isa = PBXBuildFile; fileRef = 3BE1BBC120DD2BE6007BD695 /* AppDelegate.m */; };
		3BE1BBC520DD2BE6007BD695 /* RootViewController.m in Sources */ = {isa = PBXBuildFile; fileRef = 3BE1BBC420DD2BE6007BD695 /* RootViewController.m */; };
		3BE1BBCA20DD2BE6007BD695 /* Assets.xcassets in Resources */ = {isa = PBXBuildFile; fileRef = 3BE1BBC920DD2BE6007BD695 /* Assets.xcassets */; };
		3BE1BBCD20DD2BE6007BD695 /* LaunchScreen.storyboard in Resources */ = {isa = PBXBuildFile; fileRef = 3BE1BBCB20DD2BE6007BD695 /* LaunchScreen.storyboard */; };
		3BE1BBD020DD2BE6007BD695 /* main.m in Sources */ = {isa = PBXBuildFile; fileRef = 3BE1BBCF20DD2BE6007BD695 /* main.m */; };
		3BE1BBD820DD2CE4007BD695 /* AViewController.m in Sources */ = {isa = PBXBuildFile; fileRef = 3BE1BBD720DD2CE4007BD695 /* AViewController.m */; };
		3BE1BBDB20DD2CF0007BD695 /* BViewController.m in Sources */ = {isa = PBXBuildFile; fileRef = 3BE1BBDA20DD2CF0007BD695 /* BViewController.m */; };
		3BE1BBDE20DD2CF8007BD695 /* CViewController.m in Sources */ = {isa = PBXBuildFile; fileRef = 3BE1BBDD20DD2CF8007BD695 /* CViewController.m */; };
/* End PBXBuildFile section */

/* Begin PBXFileReference section */
		3BE1BBBD20DD2BE6007BD695 /* NavigationPop.app */ = {isa = PBXFileReference; explicitFileType = wrapper.application; includeInIndex = 0; path = NavigationPop.app; sourceTree = BUILT_PRODUCTS_DIR; };
		3BE1BBC020DD2BE6007BD695 /* AppDelegate.h */ = {isa = PBXFileReference; lastKnownFileType = sourcecode.c.h; path = AppDelegate.h; sourceTree = "<group>"; };
		3BE1BBC120DD2BE6007BD695 /* AppDelegate.m */ = {isa = PBXFileReference; lastKnownFileType = sourcecode.c.objc; path = AppDelegate.m; sourceTree = "<group>"; };
		3BE1BBC320DD2BE6007BD695 /* RootViewController.h */ = {isa = PBXFileReference; lastKnownFileType = sourcecode.c.h; path = RootViewController.h; sourceTree = "<group>"; };
		3BE1BBC420DD2BE6007BD695 /* RootViewController.m */ = {isa = PBXFileReference; lastKnownFileType = sourcecode.c.objc; path = RootViewController.m; sourceTree = "<group>"; };
		3BE1BBC920DD2BE6007BD695 /* Assets.xcassets */ = {isa = PBXFileReference; lastKnownFileType = folder.assetcatalog; path = Assets.xcassets; sourceTree = "<group>"; };
		3BE1BBCC20DD2BE6007BD695 /* Base */ = {isa = PBXFileReference; lastKnownFileType = file.storyboard; name = Base; path = Base.lproj/LaunchScreen.storyboard; sourceTree = "<group>"; };
		3BE1BBCE20DD2BE6007BD695 /* Info.plist */ = {isa = PBXFileReference; lastKnownFileType = text.plist.xml; path = Info.plist; sourceTree = "<group>"; };
		3BE1BBCF20DD2BE6007BD695 /* main.m */ = {isa = PBXFileReference; lastKnownFileType = sourcecode.c.objc; path = main.m; sourceTree = "<group>"; };
		3BE1BBD620DD2CE4007BD695 /* AViewController.h */ = {isa = PBXFileReference; lastKnownFileType = sourcecode.c.h; path = AViewController.h; sourceTree = "<group>"; };
		3BE1BBD720DD2CE4007BD695 /* AViewController.m */ = {isa = PBXFileReference; lastKnownFileType = sourcecode.c.objc; path = AViewController.m; sourceTree = "<group>"; };
		3BE1BBD920DD2CEF007BD695 /* BViewController.h */ = {isa = PBXFileReference; lastKnownFileType = sourcecode.c.h; path = BViewController.h; sourceTree = "<group>"; };
		3BE1BBDA20DD2CF0007BD695 /* BViewController.m */ = {isa = PBXFileReference; lastKnownFileType = sourcecode.c.objc; path = BViewController.m; sourceTree = "<group>"; };
		3BE1BBDC20DD2CF8007BD695 /* CViewController.h */ = {isa = PBXFileReference; lastKnownFileType = sourcecode.c.h; path = CViewController.h; sourceTree = "<group>"; };
		3BE1BBDD20DD2CF8007BD695 /* CViewController.m */ = {isa = PBXFileReference; lastKnownFileType = sourcecode.c.objc; path = CViewController.m; sourceTree = "<group>"; };
/* End PBXFileReference section */

/* Begin PBXFrameworksBuildPhase section */
		3BE1BBBA20DD2BE6007BD695 /* Frameworks */ = {
			isa = PBXFrameworksBuildPhase;
			buildActionMask = 2147483647;
			files = (
			);
			runOnlyForDeploymentPostprocessing = 0;
		};
/* End PBXFrameworksBuildPhase section */

/* Begin PBXGroup section */
		3BE1BBB420DD2BE6007BD695 = {
			isa = PBXGroup;
			children = (
				3BE1BBBF20DD2BE6007BD695 /* NavigationPop */,
				3BE1BBBE20DD2BE6007BD695 /* Products */,
			);
			sourceTree = "<group>";
		};
		3BE1BBBE20DD2BE6007BD695 /* Products */ = {
			isa = PBXGroup;
			children = (
				3BE1BBBD20DD2BE6007BD695 /* NavigationPop.app */,
			);
			name = Products;
			sourceTree = "<group>";
		};
		3BE1BBBF20DD2BE6007BD695 /* NavigationPop */ = {
			isa = PBXGroup;
			children = (
				3BE1BBC020DD2BE6007BD695 /* AppDelegate.h */,
				3BE1BBC120DD2BE6007BD695 /* AppDelegate.m */,
				3BE1BBC920DD2BE6007BD695 /* Assets.xcassets */,
				3BE1BBCB20DD2BE6007BD695 /* LaunchScreen.storyboard */,
				3BE1BBCE20DD2BE6007BD695 /* Info.plist */,
				3BE1BBCF20DD2BE6007BD695 /* main.m */,
				3BE1BBE020DD5978007BD695 /* ViewControllers */,
			);
			path = NavigationPop;
			sourceTree = "<group>";
		};
		3BE1BBE020DD5978007BD695 /* ViewControllers */ = {
			isa = PBXGroup;
			children = (
				3BE1BBC320DD2BE6007BD695 /* RootViewController.h */,
				3BE1BBC420DD2BE6007BD695 /* RootViewController.m */,
				3BE1BBD620DD2CE4007BD695 /* AViewController.h */,
				3BE1BBD720DD2CE4007BD695 /* AViewController.m */,
				3BE1BBD920DD2CEF007BD695 /* BViewController.h */,
				3BE1BBDA20DD2CF0007BD695 /* BViewController.m */,
				3BE1BBDC20DD2CF8007BD695 /* CViewController.h */,
				3BE1BBDD20DD2CF8007BD695 /* CViewController.m */,
			);
			path = ViewControllers;
			sourceTree = "<group>";
		};
/* End PBXGroup section */

/* Begin PBXNativeTarget section */
		3BE1BBBC20DD2BE6007BD695 /* NavigationPop */ = {
			isa = PBXNativeTarget;
			buildConfigurationList = 3BE1BBD320DD2BE6007BD695 /* Build configuration list for PBXNativeTarget "NavigationPop" */;
			buildPhases = (
				3BE1BBB920DD2BE6007BD695 /* Sources */,
				3BE1BBBA20DD2BE6007BD695 /* Frameworks */,
				3BE1BBBB20DD2BE6007BD695 /* Resources */,
			);
			buildRules = (
			);
			dependencies = (
			);
			name = NavigationPop;
			productName = NavigationPop;
			productReference = 3BE1BBBD20DD2BE6007BD695 /* NavigationPop.app */;
			productType = "com.apple.product-type.application";
		};
/* End PBXNativeTarget section */

/* Begin PBXProject section */
		3BE1BBB520DD2BE6007BD695 /* Project object */ = {
			isa = PBXProject;
			attributes = {
				LastUpgradeCheck = 0940;
				ORGANIZATIONNAME = kedc;
				TargetAttributes = {
					3BE1BBBC20DD2BE6007BD695 = {
						CreatedOnToolsVersion = 9.4.1;
					};
				};
			};
			buildConfigurationList = 3BE1BBB820DD2BE6007BD695 /* Build configuration list for PBXProject "NavigationPop" */;
			compatibilityVersion = "Xcode 9.3";
			developmentRegion = en;
			hasScannedForEncodings = 0;
			knownRegions = (
				en,
				Base,
			);
			mainGroup = 3BE1BBB420DD2BE6007BD695;
			productRefGroup = 3BE1BBBE20DD2BE6007BD695 /* Products */;
			projectDirPath = "";
			projectRoot = "";
			targets = (
				3BE1BBBC20DD2BE6007BD695 /* NavigationPop */,
			);
		};
/* End PBXProject section */

/* Begin PBXResourcesBuildPhase section */
		3BE1BBBB20DD2BE6007BD695 /* Resources */ = {
			isa = PBXResourcesBuildPhase;
			buildActionMask = 2147483647;
			files = (
				3BE1BBCD20DD2BE6007BD695 /* LaunchScreen.storyboard in Resources */,
				3BE1BBCA20DD2BE6007BD695 /* Assets.xcassets in Resources */,
			);
			runOnlyForDeploymentPostprocessing = 0;
		};
/* End PBXResourcesBuildPhase section */

/* Begin PBXSourcesBuildPhase section */
		3BE1BBB920DD2BE6007BD695 /* Sources */ = {
			isa = PBXSourcesBuildPhase;
			buildActionMask = 2147483647;
			files = (
				3BE1BBD820DD2CE4007BD695 /* AViewController.m in Sources */,
				3BE1BBC520DD2BE6007BD695 /* RootViewController.m in Sources */,
				3BE1BBDE20DD2CF8007BD695 /* CViewController.m in Sources */,
				3BE1BBD020DD2BE6007BD695 /* main.m in Sources */,
				3BE1BBDB20DD2CF0007BD695 /* BViewController.m in Sources */,
				3BE1BBC220DD2BE6007BD695 /* AppDelegate.m in Sources */,
			);
			runOnlyForDeploymentPostprocessing = 0;
		};
/* End PBXSourcesBuildPhase section */

/* Begin PBXVariantGroup section */
		3BE1BBCB20DD2BE6007BD695 /* LaunchScreen.storyboard */ = {
			isa = PBXVariantGroup;
			children = (
				3BE1BBCC20DD2BE6007BD695 /* Base */,
			);
			name = LaunchScreen.storyboard;
			sourceTree = "<group>";
		};
/* End PBXVariantGroup section */

/* Begin XCBuildConfiguration section */
		3BE1BBD120DD2BE6007BD695 /* Debug */ = {
			isa = XCBuildConfiguration;
			buildSettings = {
				ALWAYS_SEARCH_USER_PATHS = NO;
				CLANG_ANALYZER_NONNULL = YES;
				CLANG_ANALYZER_NUMBER_OBJECT_CONVERSION = YES_AGGRESSIVE;
				CLANG_CXX_LANGUAGE_STANDARD = "gnu++14";
				CLANG_CXX_LIBRARY = "libc++";
				CLANG_ENABLE_MODULES = YES;
				CLANG_ENABLE_OBJC_ARC = YES;
				CLANG_ENABLE_OBJC_WEAK = YES;
				CLANG_WARN_BLOCK_CAPTURE_AUTORELEASING = YES;
				CLANG_WARN_BOOL_CONVERSION = YES;
				CLANG_WARN_COMMA = YES;
				CLANG_WARN_CONSTANT_CONVERSION = YES;
				CLANG_WARN_DEPRECATED_OBJC_IMPLEMENTATIONS = YES;
				CLANG_WARN_DIRECT_OBJC_ISA_USAGE = YES_ERROR;
				CLANG_WARN_DOCUMENTATION_COMMENTS = YES;
				CLANG_WARN_EMPTY_BODY = YES;
				CLANG_WARN_ENUM_CONVERSION = YES;
				CLANG_WARN_INFINITE_RECURSION = YES;
				CLANG_WARN_INT_CONVERSION = YES;
				CLANG_WARN_NON_LITERAL_NULL_CONVERSION = YES;
				CLANG_WARN_OBJC_IMPLICIT_RETAIN_SELF = YES;
				CLANG_WARN_OBJC_LITERAL_CONVERSION = YES;
				CLANG_WARN_OBJC_ROOT_CLASS = YES_ERROR;
				CLANG_WARN_RANGE_LOOP_ANALYSIS = YES;
				CLANG_WARN_STRICT_PROTOTYPES = YES;
				CLANG_WARN_SUSPICIOUS_MOVE = YES;
				CLANG_WARN_UNGUARDED_AVAILABILITY = YES_AGGRESSIVE;
				CLANG_WARN_UNREACHABLE_CODE = YES;
				CLANG_WARN__DUPLICATE_METHOD_MATCH = YES;
				CODE_SIGN_IDENTITY = "iPhone Developer";
				COPY_PHASE_STRIP = NO;
				DEBUG_INFORMATION_FORMAT = dwarf;
				ENABLE_STRICT_OBJC_MSGSEND = YES;
				ENABLE_TESTABILITY = YES;
				GCC_C_LANGUAGE_STANDARD = gnu11;
				GCC_DYNAMIC_NO_PIC = NO;
				GCC_NO_COMMON_BLOCKS = YES;
				GCC_OPTIMIZATION_LEVEL = 0;
				GCC_PREPROCESSOR_DEFINITIONS = (
					"DEBUG=1",
					"$(inherited)",
				);
				GCC_WARN_64_TO_32_BIT_CONVERSION = YES;
				GCC_WARN_ABOUT_RETURN_TYPE = YES_ERROR;
				GCC_WARN_UNDECLARED_SELECTOR = YES;
				GCC_WARN_UNINITIALIZED_AUTOS = YES_AGGRESSIVE;
				GCC_WARN_UNUSED_FUNCTION = YES;
				GCC_WARN_UNUSED_VARIABLE = YES;
				IPHONEOS_DEPLOYMENT_TARGET = 11.4;
				MTL_ENABLE_DEBUG_INFO = YES;
				ONLY_ACTIVE_ARCH = YES;
				SDKROOT = iphoneos;
			};
			name = Debug;
		};
		3BE1BBD220DD2BE6007BD695 /* Release */ = {
			isa = XCBuildConfiguration;
			buildSettings = {
				ALWAYS_SEARCH_USER_PATHS = NO;
				CLANG_ANALYZER_NONNULL = YES;
				CLANG_ANALYZER_NUMBER_OBJECT_CONVERSION = YES_AGGRESSIVE;
				CLANG_CXX_LANGUAGE_STANDARD = "gnu++14";
				CLANG_CXX_LIBRARY = "libc++";
				CLANG_ENABLE_MODULES = YES;
				CLANG_ENABLE_OBJC_ARC = YES;
				CLANG_ENABLE_OBJC_WEAK = YES;
				CLANG_WARN_BLOCK_CAPTURE_AUTORELEASING = YES;
				CLANG_WARN_BOOL_CONVERSION = YES;
				CLANG_WARN_COMMA = YES;
				CLANG_WARN_CONSTANT_CONVERSION = YES;
				CLANG_WARN_DEPRECATED_OBJC_IMPLEMENTATIONS = YES;
				CLANG_WARN_DIRECT_OBJC_ISA_USAGE = YES_ERROR;
				CLANG_WARN_DOCUMENTATION_COMMENTS = YES;
				CLANG_WARN_EMPTY_BODY = YES;
				CLANG_WARN_ENUM_CONVERSION = YES;
				CLANG_WARN_INFINITE_RECURSION = YES;
				CLANG_WARN_INT_CONVERSION = YES;
				CLANG_WARN_NON_LITERAL_NULL_CONVERSION = YES;
				CLANG_WARN_OBJC_IMPLICIT_RETAIN_SELF = YES;
				CLANG_WARN_OBJC_LITERAL_CONVERSION = YES;
				CLANG_WARN_OBJC_ROOT_CLASS = YES_ERROR;
				CLANG_WARN_RANGE_LOOP_ANALYSIS = YES;
				CLANG_WARN_STRICT_PROTOTYPES = YES;
				CLANG_WARN_SUSPICIOUS_MOVE = YES;
				CLANG_WARN_UNGUARDED_AVAILABILITY = YES_AGGRESSIVE;
				CLANG_WARN_UNREACHABLE_CODE = YES;
				CLANG_WARN__DUPLICATE_METHOD_MATCH = YES;
				CODE_SIGN_IDENTITY = "iPhone Developer";
				COPY_PHASE_STRIP = NO;
				DEBUG_INFORMATION_FORMAT = "dwarf-with-dsym";
				ENABLE_NS_ASSERTIONS = NO;
				ENABLE_STRICT_OBJC_MSGSEND = YES;
				GCC_C_LANGUAGE_STANDARD = gnu11;
				GCC_NO_COMMON_BLOCKS = YES;
				GCC_WARN_64_TO_32_BIT_CONVERSION = YES;
				GCC_WARN_ABOUT_RETURN_TYPE = YES_ERROR;
				GCC_WARN_UNDECLARED_SELECTOR = YES;
				GCC_WARN_UNINITIALIZED_AUTOS = YES_AGGRESSIVE;
				GCC_WARN_UNUSED_FUNCTION = YES;
				GCC_WARN_UNUSED_VARIABLE = YES;
				IPHONEOS_DEPLOYMENT_TARGET = 11.4;
				MTL_ENABLE_DEBUG_INFO = NO;
				SDKROOT = iphoneos;
				VALIDATE_PRODUCT = YES;
			};
			name = Release;
		};
		3BE1BBD420DD2BE6007BD695 /* Debug */ = {
			isa = XCBuildConfiguration;
			buildSettings = {
				ASSETCATALOG_COMPILER_APPICON_NAME = AppIcon;
				CODE_SIGN_STYLE = Automatic;
				DEVELOPMENT_TEAM = NYQACL8B77;
				INFOPLIST_FILE = NavigationPop/Info.plist;
				LD_RUNPATH_SEARCH_PATHS = (
					"$(inherited)",
					"@executable_path/Frameworks",
				);
				PRODUCT_BUNDLE_IDENTIFIER = com.kedc.NavigationPop;
				PRODUCT_NAME = "$(TARGET_NAME)";
				TARGETED_DEVICE_FAMILY = "1,2";
			};
			name = Debug;
		};
		3BE1BBD520DD2BE6007BD695 /* Release */ = {
			isa = XCBuildConfiguration;
			buildSettings = {
				ASSETCATALOG_COMPILER_APPICON_NAME = AppIcon;
				CODE_SIGN_STYLE = Automatic;
				DEVELOPMENT_TEAM = NYQACL8B77;
				INFOPLIST_FILE = NavigationPop/Info.plist;
				LD_RUNPATH_SEARCH_PATHS = (
					"$(inherited)",
					"@executable_path/Frameworks",
				);
				PRODUCT_BUNDLE_IDENTIFIER = com.kedc.NavigationPop;
				PRODUCT_NAME = "$(TARGET_NAME)";
				TARGETED_DEVICE_FAMILY = "1,2";
			};
			name = Release;
		};
/* End XCBuildConfiguration section */

/* Begin XCConfigurationList section */
		3BE1BBB820DD2BE6007BD695 /* Build configuration list for PBXProject "NavigationPop" */ = {
			isa = XCConfigurationList;
			buildConfigurations = (
				3BE1BBD120DD2BE6007BD695 /* Debug */,
				3BE1BBD220DD2BE6007BD695 /* Release */,
			);
			defaultConfigurationIsVisible = 0;
			defaultConfigurationName = Release;
		};
		3BE1BBD320DD2BE6007BD695 /* Build configuration list for PBXNativeTarget "NavigationPop" */ = {
			isa = XCConfigurationList;
			buildConfigurations = (
				3BE1BBD420DD2BE6007BD695 /* Debug */,
				3BE1BBD520DD2BE6007BD695 /* Release */,
			);
			defaultConfigurationIsVisible = 0;
			defaultConfigurationName = Release;
		};
/* End XCConfigurationList section */
	};
	rootObject = 3BE1BBB520DD2BE6007BD695 /* Project object */;
}
